
Microsoft Visual Studio Solution File, Format Version 12.00
# Visual Studio Version 17
VisualStudioVersion = 17.5.002.0
MinimumVisualStudioVersion = 10.0.40219.1
Project("{9A19103F-16F7-4668-BE54-9A1E7A4F7556}") = "BookStore", "BookStore\BookStore.csproj", "{EDEC95DD-2531-47B4-985A-1B1CE2CF51BF}"
EndProject
Project("{FAE04EC0-301F-11D3-BF4B-00C04F79EFBC}") = "BooksModel", "BooksModel\BooksModel.csproj", "{CE4426C3-5F6E-4955-9BF2-C95DF12A52E9}"
EndProject
Global
	GlobalSection(SolutionConfigurationPlatforms) = preSolution
		Debug|Any CPU = Debug|Any CPU
		Release|Any CPU = Release|Any CPU
	EndGlobalSection
	GlobalSection(ProjectConfigurationPlatforms) = postSolution
		{EDEC95DD-2531-47B4-985A-1B1CE2CF51BF}.Debug|Any CPU.ActiveCfg = Debug|Any CPU
		{EDEC95DD-2531-47B4-985A-1B1CE2CF51BF}.Debug|Any CPU.Build.0 = Debug|Any CPU
		{EDEC95DD-2531-47B4-985A-1B1CE2CF51BF}.Release|Any CPU.ActiveCfg = Release|Any CPU
		{EDEC95DD-2531-47B4-985A-1B1CE2CF51BF}.Release|Any CPU.Build.0 = Release|Any CPU
		{CE4426C3-5F6E-4955-9BF2-C95DF12A52E9}.Debug|Any CPU.ActiveCfg = Debug|Any CPU
		{CE4426C3-5F6E-4955-9BF2-C95DF12A52E9}.Debug|Any CPU.Build.0 = Debug|Any CPU
		{CE4426C3-5F6E-4955-9BF2-C95DF12A52E9}.Release|Any CPU.ActiveCfg = Release|Any CPU
		{CE4426C3-5F6E-4955-9BF2-C95DF12A52E9}.Release|Any CPU.Build.0 = Release|Any CPU
	EndGlobalSection
	GlobalSection(SolutionProperties) = preSolution
		HideSolutionNode = FALSE
	EndGlobalSection
	GlobalSection(ExtensibilityGlobals) = postSolution
		SolutionGuid = {34ACBE97-3062-4558-BEDD-EBDA70B91320}
	EndGlobalSection
EndGlobal
